
Microsoft Visual Studio Solution File, Format Version 12.00
# Visual Studio Version 16
VisualStudioVersion = 16.0.29920.165
MinimumVisualStudioVersion = 10.0.40219.1
Project("{FAE04EC0-301F-11D3-BF4B-00C04F79EFBC}") = "MXDReader", "MXDReader.csproj", "{3FF32ACB-8926-46B5-8AD4-DA8FC4FF7AE8}"
EndProject
Global
	GlobalSection(SolutionConfigurationPlatforms) = preSolution
		Debug|Any CPU = Debug|Any CPU
		Release|Any CPU = Release|Any CPU
	EndGlobalSection
	GlobalSection(ProjectConfigurationPlatforms) = postSolution
		{3FF32ACB-8926-46B5-8AD4-DA8FC4FF7AE8}.Debug|Any CPU.ActiveCfg = Debug|Any CPU
		{3FF32ACB-8926-46B5-8AD4-DA8FC4FF7AE8}.Debug|Any CPU.Build.0 = Debug|Any CPU
		{3FF32ACB-8926-46B5-8AD4-DA8FC4FF7AE8}.Release|Any CPU.ActiveCfg = Release|Any CPU
		{3FF32ACB-8926-46B5-8AD4-DA8FC4FF7AE8}.Release|Any CPU.Build.0 = Release|Any CPU
	EndGlobalSection
	GlobalSection(SolutionProperties) = preSolution
		HideSolutionNode = FALSE
	EndGlobalSection
	GlobalSection(ExtensibilityGlobals) = postSolution
		SolutionGuid = {D4195C2A-8DED-4DFF-A457-2AE81CBF1D8F}
	EndGlobalSection
EndGlobal
